{
  "name": "threejs",
  "lockfileVersion": 2,
  "requires": true,
  "packages": {
    "": {
      "dependencies": {
        "cannon": "^0.6.2",
        "gsap": "^3.5.1",
        "gui": "^0.11.0",
        "lil": "^0.1.5",
        "lil-gui": "^0.17.0"
      }
    },
    "node_modules/cannon": {
      "version": "0.6.2",
      "resolved": "https://registry.npmjs.org/cannon/-/cannon-0.6.2.tgz",
      "integrity": "sha512-n/7wWSXr8KOSvjad2x0fJHgpMepKjOKi+NdSnjfYyijoDBZnp4JQKgPcpv28jlXoWM+N9zVYU09J0A6Qxx+Y7w==",
      "engines": {
        "node": "*"
      }
    },
    "node_modules/download-yue": {
      "version": "2.1.0",
      "resolved": "https://registry.npmjs.org/download-yue/-/download-yue-2.1.0.tgz",
      "integrity": "sha512-ECsv6WVYCBCFrCnBcpHTCgFsRM/h7C/AtrzXuTc8+xaW5lXj+Jw6c5S7Eq/ncix41h05JerSxan5p7p80H35qQ==",
      "bin": {
        "download-yue": "download-yue.js"
      }
    },
    "node_modules/gsap": {
      "version": "3.5.1",
      "resolved": "https://registry.npmjs.org/gsap/-/gsap-3.5.1.tgz",
      "integrity": "sha512-EMV0RSUKZNeTUzLKAizGlwxVOUyif3/g8I3S1aA/hf3gbqwBvmQ02x1RdTBQNQMOpHCVBv9y/vaHwfctoAg8zw=="
    },
    "node_modules/gui": {
      "version": "0.11.0",
      "resolved": "https://registry.npmjs.org/gui/-/gui-0.11.0.tgz",
      "integrity": "sha512-Dhea3eCxjLKHs0LLF4/uxIIuTEfNp/WOloZSfqWsVe238FYNtQJhnE9nsJAAD7MeXI3dvH722OrfIdJCXnmIcQ==",
      "hasInstallScript": true,
      "dependencies": {
        "download-yue": "2.1.x"
      }
    },
    "node_modules/lil": {
      "version": "0.1.5",
      "resolved": "https://registry.npmjs.org/lil/-/lil-0.1.5.tgz",
      "integrity": "sha512-yfKMv4wQqvsolWnOE8whx67f8N/9N4heKDwTFDGJS47nJ2Eyvq/MMJjZb9tSb8Qzw30JIx0j8pRVXp5SpsKfgw==",
      "bundleDependencies": [
        "socket.io",
        "mime"
      ],
      "bin": {
        "lil": "bin/lil"
      },
      "engines": {
        "node": ">=0.6"
      }
    },
    "node_modules/lil-gui": {
      "version": "0.17.0",
      "resolved": "https://registry.npmjs.org/lil-gui/-/lil-gui-0.17.0.tgz",
      "integrity": "sha512-MVBHmgY+uEbmJNApAaPbtvNh1RCAeMnKym82SBjtp5rODTYKWtM+MXHCifLe2H2Ti1HuBGBtK/5SyG4ShQ3pUQ=="
    },
    "node_modules/lil/node_modules/mime": {
      "version": "1.2.7",
      "extraneous": true,
      "inBundle": true
    },
    "node_modules/lil/node_modules/socket.io": {
      "version": "0.9.10",
      "extraneous": true,
      "inBundle": true,
      "dependencies": {
        "policyfile": "0.0.4",
        "redis": "0.7.2",
        "socket.io-client": "0.9.10"
      },
      "engines": {
        "node": ">= 0.4.0"
      }
    },
    "node_modules/lil/node_modules/socket.io/node_modules/policyfile": {
      "version": "0.0.4",
      "extraneous": true,
      "inBundle": true
    },
    "node_modules/lil/node_modules/socket.io/node_modules/redis": {
      "version": "0.7.2",
      "extraneous": true,
      "inBundle": true,
      "optionalDependencies": {
        "hiredis": "*"
      }
    },
    "node_modules/lil/node_modules/socket.io/node_modules/socket.io-client": {
      "version": "0.9.10",
      "extraneous": true,
      "inBundle": true,
      "dependencies": {
        "active-x-obfuscator": "0.0.1",
        "uglify-js": "1.2.5",
        "ws": "0.4.x",
        "xmlhttprequest": "1.4.2"
      },
      "engines": {
        "node": ">= 0.4.0"
      }
    },
    "node_modules/lil/node_modules/socket.io/node_modules/socket.io-client/node_modules/active-x-obfuscator": {
      "version": "0.0.1",
      "extraneous": true,
      "inBundle": true,
      "dependencies": {
        "zeparser": "0.0.5"
      },
      "engines": {
        "node": "*"
      }
    },
    "node_modules/lil/node_modules/socket.io/node_modules/socket.io-client/node_modules/active-x-obfuscator/node_modules/zeparser": {
      "version": "0.0.5",
      "extraneous": true,
      "inBundle": true,
      "engines": {
        "node": "*"
      }
    },
    "node_modules/lil/node_modules/socket.io/node_modules/socket.io-client/node_modules/uglify-js": {
      "version": "1.2.5",
      "extraneous": true,
      "inBundle": true,
      "bin": {
        "uglifyjs": "bin/uglifyjs"
      }
    },
    "node_modules/lil/node_modules/socket.io/node_modules/socket.io-client/node_modules/ws": {
      "version": "0.4.21",
      "extraneous": true,
      "hasInstallScript": true,
      "inBundle": true,
      "dependencies": {
        "commander": "~0.6.1",
        "options": "latest",
        "tinycolor": "0.x"
      },
      "bin": {
        "wscat": "bin/wscat"
      },
      "engines": {
        "node": ">=0.4.0"
      }
    },
    "node_modules/lil/node_modules/socket.io/node_modules/socket.io-client/node_modules/ws/node_modules/commander": {
      "version": "0.6.1",
      "extraneous": true,
      "inBundle": true,
      "engines": {
        "node": ">= 0.4.x"
      }
    },
    "node_modules/lil/node_modules/socket.io/node_modules/socket.io-client/node_modules/ws/node_modules/options": {
      "version": "0.0.3",
      "extraneous": true,
      "inBundle": true,
      "engines": {
        "node": ">=0.4.0"
      }
    },
    "node_modules/lil/node_modules/socket.io/node_modules/socket.io-client/node_modules/ws/node_modules/tinycolor": {
      "version": "0.0.1",
      "extraneous": true,
      "inBundle": true,
      "engines": {
        "node": ">=0.4.0"
      }
    },
    "node_modules/lil/node_modules/socket.io/node_modules/socket.io-client/node_modules/xmlhttprequest": {
      "version": "1.4.2",
      "extraneous": true,
      "inBundle": true,
      "engines": {
        "node": ">=0.4.0"
      }
    }
  },
  "dependencies": {
    "cannon": {
      "version": "0.6.2",
      "resolved": "https://registry.npmjs.org/cannon/-/cannon-0.6.2.tgz",
      "integrity": "sha512-n/7wWSXr8KOSvjad2x0fJHgpMepKjOKi+NdSnjfYyijoDBZnp4JQKgPcpv28jlXoWM+N9zVYU09J0A6Qxx+Y7w=="
    },
    "download-yue": {
      "version": "2.1.0",
      "resolved": "https://registry.npmjs.org/download-yue/-/download-yue-2.1.0.tgz",
      "integrity": "sha512-ECsv6WVYCBCFrCnBcpHTCgFsRM/h7C/AtrzXuTc8+xaW5lXj+Jw6c5S7Eq/ncix41h05JerSxan5p7p80H35qQ=="
    },
    "gsap": {
      "version": "3.5.1",
      "resolved": "https://registry.npmjs.org/gsap/-/gsap-3.5.1.tgz",
      "integrity": "sha512-EMV0RSUKZNeTUzLKAizGlwxVOUyif3/g8I3S1aA/hf3gbqwBvmQ02x1RdTBQNQMOpHCVBv9y/vaHwfctoAg8zw=="
    },
    "gui": {
      "version": "0.11.0",
      "resolved": "https://registry.npmjs.org/gui/-/gui-0.11.0.tgz",
      "integrity": "sha512-Dhea3eCxjLKHs0LLF4/uxIIuTEfNp/WOloZSfqWsVe238FYNtQJhnE9nsJAAD7MeXI3dvH722OrfIdJCXnmIcQ==",
      "requires": {
        "download-yue": "2.1.x"
      }
    },
    "lil": {
      "version": "0.1.5",
      "resolved": "https://registry.npmjs.org/lil/-/lil-0.1.5.tgz",
      "integrity": "sha512-yfKMv4wQqvsolWnOE8whx67f8N/9N4heKDwTFDGJS47nJ2Eyvq/MMJjZb9tSb8Qzw30JIx0j8pRVXp5SpsKfgw==",
      "dependencies": {
        "mime": {
          "version": "1.2.7",
          "bundled": true,
          "extraneous": true
        },
        "socket.io": {
          "version": "0.9.10",
          "bundled": true,
          "extraneous": true,
          "requires": {
            "policyfile": "0.0.4",
            "redis": "0.7.2",
            "socket.io-client": "0.9.10"
          },
          "dependencies": {
            "policyfile": {
              "version": "0.0.4",
              "bundled": true,
              "extraneous": true
            },
            "redis": {
              "version": "0.7.2",
              "bundled": true,
              "extraneous": true,
              "requires": {
                "hiredis": "*"
              }
            },
            "socket.io-client": {
              "version": "0.9.10",
              "bundled": true,
              "extraneous": true,
              "requires": {
                "active-x-obfuscator": "0.0.1",
                "uglify-js": "1.2.5",
                "ws": "0.4.x",
                "xmlhttprequest": "1.4.2"
              },
              "dependencies": {
                "active-x-obfuscator": {
                  "version": "0.0.1",
                  "bundled": true,
                  "extraneous": true,
                  "requires": {
                    "zeparser": "0.0.5"
                  },
                  "dependencies": {
                    "zeparser": {
                      "version": "0.0.5",
                      "bundled": true,
                      "extraneous": true
                    }
                  }
                },
                "uglify-js": {
                  "version": "1.2.5",
                  "bundled": true,
                  "extraneous": true
                },
                "ws": {
                  "version": "0.4.21",
                  "bundled": true,
                  "extraneous": true,
                  "requires": {
                    "commander": "~0.6.1",
                    "options": "latest",
                    "tinycolor": "0.x"
                  },
                  "dependencies": {
                    "commander": {
                      "version": "0.6.1",
                      "bundled": true,
                      "extraneous": true
                    },
                    "options": {
                      "version": "0.0.3",
                      "bundled": true,
                      "extraneous": true
                    },
                    "tinycolor": {
                      "version": "0.0.1",
                      "bundled": true,
                      "extraneous": true
                    }
                  }
                },
                "xmlhttprequest": {
                  "version": "1.4.2",
                  "bundled": true,
                  "extraneous": true
                }
              }
            }
          }
        }
      }
    },
    "lil-gui": {
      "version": "0.17.0",
      "resolved": "https://registry.npmjs.org/lil-gui/-/lil-gui-0.17.0.tgz",
      "integrity": "sha512-MVBHmgY+uEbmJNApAaPbtvNh1RCAeMnKym82SBjtp5rODTYKWtM+MXHCifLe2H2Ti1HuBGBtK/5SyG4ShQ3pUQ=="
    }
  }
}
